// !$*UTF8*$!
{
	archiveVersion = 1;
	classes = {
	};
	objectVersion = 60;
	objects = {

/* Begin PBXBuildFile section */
		99F971982C41126500DCEC51 /* VisionPlusApp.swift in Sources */ = {isa = PBXBuildFile; fileRef = 99F971972C41126500DCEC51 /* VisionPlusApp.swift */; };
		99F9719A2C41126500DCEC51 /* ContentView.swift in Sources */ = {isa = PBXBuildFile; fileRef = 99F971992C41126500DCEC51 /* ContentView.swift */; };
		99F9719C2C41126700DCEC51 /* Assets.xcassets in Resources */ = {isa = PBXBuildFile; fileRef = 99F9719B2C41126700DCEC51 /* Assets.xcassets */; };
		99F9719F2C41126700DCEC51 /* Preview Assets.xcassets in Resources */ = {isa = PBXBuildFile; fileRef = 99F9719E2C41126700DCEC51 /* Preview Assets.xcassets */; };
		99F971C32C41165900DCEC51 /* ExpressionManager.swift in Sources */ = {isa = PBXBuildFile; fileRef = 99F971C22C41165300DCEC51 /* ExpressionManager.swift */; };
		99F971C82C41181E00DCEC51 /* VideoController.swift in Sources */ = {isa = PBXBuildFile; fileRef = 99F971C72C41178500DCEC51 /* VideoController.swift */; };
		99F971CA2C41187800DCEC51 /* VideoControllerExtension.swift in Sources */ = {isa = PBXBuildFile; fileRef = 99F971C92C41186500DCEC51 /* VideoControllerExtension.swift */; };
		99F971CE2C41190F00DCEC51 /* Resnet50Int8LUT.mlmodel in Sources */ = {isa = PBXBuildFile; fileRef = 99F971CC2C41190F00DCEC51 /* Resnet50Int8LUT.mlmodel */; };
		99F971D12C411B0F00DCEC51 /* CameraView.swift in Sources */ = {isa = PBXBuildFile; fileRef = 99F971D02C411B0700DCEC51 /* CameraView.swift */; };
		99F971D32C411CBA00DCEC51 /* ActionClassifier.mlmodel in Sources */ = {isa = PBXBuildFile; fileRef = 99F971D22C411CBA00DCEC51 /* ActionClassifier.mlmodel */; };
		99F971D52C411DA800DCEC51 /* ExpressionClassification.mlmodel in Sources */ = {isa = PBXBuildFile; fileRef = 99F971D42C411DA800DCEC51 /* ExpressionClassification.mlmodel */; };
		A483147B2C412D6F00F3D1AB /* AVCaptureDeviceInput+CameraInput.swift in Sources */ = {isa = PBXBuildFile; fileRef = A483147A2C412D6F00F3D1AB /* AVCaptureDeviceInput+CameraInput.swift */; };
		A48314802C412D8700F3D1AB /* AVCaptureVideoDataOutput+PixelFormat.swift in Sources */ = {isa = PBXBuildFile; fileRef = A483147C2C412D8700F3D1AB /* AVCaptureVideoDataOutput+PixelFormat.swift */; };
		A48314812C412D8700F3D1AB /* VideoCapture.swift in Sources */ = {isa = PBXBuildFile; fileRef = A483147D2C412D8700F3D1AB /* VideoCapture.swift */; };
		A48314832C412D8700F3D1AB /* AVCaptureDevice+FrameRate.swift in Sources */ = {isa = PBXBuildFile; fileRef = A483147F2C412D8700F3D1AB /* AVCaptureDevice+FrameRate.swift */; };
		A48314862C412E1400F3D1AB /* VideoProcessingChain.swift in Sources */ = {isa = PBXBuildFile; fileRef = A48314842C412E1400F3D1AB /* VideoProcessingChain.swift */; };
		A483148C2C412E2400F3D1AB /* Pose.swift in Sources */ = {isa = PBXBuildFile; fileRef = A48314872C412E2400F3D1AB /* Pose.swift */; };
		A483148D2C412E2400F3D1AB /* Pose+Connection.swift in Sources */ = {isa = PBXBuildFile; fileRef = A48314882C412E2400F3D1AB /* Pose+Connection.swift */; };
		A483148E2C412E2400F3D1AB /* Pose+Empty.swift in Sources */ = {isa = PBXBuildFile; fileRef = A48314892C412E2400F3D1AB /* Pose+Empty.swift */; };
		A483148F2C412E2400F3D1AB /* Pose+Landmark.swift in Sources */ = {isa = PBXBuildFile; fileRef = A483148A2C412E2400F3D1AB /* Pose+Landmark.swift */; };
		A48314992C412E3100F3D1AB /* ActionPrediction.swift in Sources */ = {isa = PBXBuildFile; fileRef = A48314902C412E3100F3D1AB /* ActionPrediction.swift */; };
		A483149A2C412E3100F3D1AB /* ExerciseClassifier.mlmodel in Sources */ = {isa = PBXBuildFile; fileRef = A48314912C412E3100F3D1AB /* ExerciseClassifier.mlmodel */; };
		A483149B2C412E3100F3D1AB /* Classifier+FrameRate.swift in Sources */ = {isa = PBXBuildFile; fileRef = A48314922C412E3100F3D1AB /* Classifier+FrameRate.swift */; };
		A483149C2C412E3100F3D1AB /* Classifier+Label.swift in Sources */ = {isa = PBXBuildFile; fileRef = A48314932C412E3100F3D1AB /* Classifier+Label.swift */; };
		A483149D2C412E3100F3D1AB /* Classifier+LabelCheck.swift in Sources */ = {isa = PBXBuildFile; fileRef = A48314942C412E3100F3D1AB /* Classifier+LabelCheck.swift */; };
		A483149E2C412E3100F3D1AB /* Classifier+PredictAction.swift in Sources */ = {isa = PBXBuildFile; fileRef = A48314952C412E3100F3D1AB /* Classifier+PredictAction.swift */; };
		A483149F2C412E3100F3D1AB /* Classifier+Singleton.swift in Sources */ = {isa = PBXBuildFile; fileRef = A48314962C412E3100F3D1AB /* Classifier+Singleton.swift */; };
		A48314A02C412E3100F3D1AB /* GarudaClassifier.mlmodel in Sources */ = {isa = PBXBuildFile; fileRef = A48314972C412E3100F3D1AB /* GarudaClassifier.mlmodel */; };
		A48314A22C4132BB00F3D1AB /* Classifier.swift in Sources */ = {isa = PBXBuildFile; fileRef = A48314A12C4132BB00F3D1AB /* Classifier.swift */; };
		A48314A52C4134C400F3D1AB /* PerformanceReporter.swift in Sources */ = {isa = PBXBuildFile; fileRef = A48314A32C4134C400F3D1AB /* PerformanceReporter.swift */; };
		A48314A72C41361100F3D1AB /* VideoProcessing.swift in Sources */ = {isa = PBXBuildFile; fileRef = A48314A62C41361100F3D1AB /* VideoProcessing.swift */; };
/* End PBXBuildFile section */

/* Begin PBXContainerItemProxy section */
		99F971A52C41126700DCEC51 /* PBXContainerItemProxy */ = {
			isa = PBXContainerItemProxy;
			containerPortal = 99F9718C2C41126500DCEC51 /* Project object */;
			proxyType = 1;
			remoteGlobalIDString = 99F971932C41126500DCEC51;
			remoteInfo = VisionPlus;
		};
		99F971AF2C41126700DCEC51 /* PBXContainerItemProxy */ = {
			isa = PBXContainerItemProxy;
			containerPortal = 99F9718C2C41126500DCEC51 /* Project object */;
			proxyType = 1;
			remoteGlobalIDString = 99F971932C41126500DCEC51;
			remoteInfo = VisionPlus;
		};
/* End PBXContainerItemProxy section */

/* Begin PBXFileReference section */
		99F971942C41126500DCEC51 /* VisionPlus.app */ = {isa = PBXFileReference; explicitFileType = wrapper.application; includeInIndex = 0; path = VisionPlus.app; sourceTree = BUILT_PRODUCTS_DIR; };
		99F971972C41126500DCEC51 /* VisionPlusApp.swift */ = {isa = PBXFileReference; lastKnownFileType = sourcecode.swift; path = VisionPlusApp.swift; sourceTree = "<group>"; };
		99F971992C41126500DCEC51 /* ContentView.swift */ = {isa = PBXFileReference; lastKnownFileType = sourcecode.swift; path = ContentView.swift; sourceTree = "<group>"; };
		99F9719B2C41126700DCEC51 /* Assets.xcassets */ = {isa = PBXFileReference; lastKnownFileType = folder.assetcatalog; path = Assets.xcassets; sourceTree = "<group>"; };
		99F9719E2C41126700DCEC51 /* Preview Assets.xcassets */ = {isa = PBXFileReference; lastKnownFileType = folder.assetcatalog; path = "Preview Assets.xcassets"; sourceTree = "<group>"; };
		99F971A42C41126700DCEC51 /* VisionPlusTests.xctest */ = {isa = PBXFileReference; explicitFileType = wrapper.cfbundle; includeInIndex = 0; path = VisionPlusTests.xctest; sourceTree = BUILT_PRODUCTS_DIR; };
		99F971AE2C41126700DCEC51 /* VisionPlusUITests.xctest */ = {isa = PBXFileReference; explicitFileType = wrapper.cfbundle; includeInIndex = 0; path = VisionPlusUITests.xctest; sourceTree = BUILT_PRODUCTS_DIR; };
		99F971C22C41165300DCEC51 /* ExpressionManager.swift */ = {isa = PBXFileReference; lastKnownFileType = sourcecode.swift; path = ExpressionManager.swift; sourceTree = "<group>"; };
		99F971C72C41178500DCEC51 /* VideoController.swift */ = {isa = PBXFileReference; lastKnownFileType = sourcecode.swift; path = VideoController.swift; sourceTree = "<group>"; };
		99F971C92C41186500DCEC51 /* VideoControllerExtension.swift */ = {isa = PBXFileReference; lastKnownFileType = sourcecode.swift; path = VideoControllerExtension.swift; sourceTree = "<group>"; };
		99F971CC2C41190F00DCEC51 /* Resnet50Int8LUT.mlmodel */ = {isa = PBXFileReference; lastKnownFileType = file.mlmodel; path = Resnet50Int8LUT.mlmodel; sourceTree = "<group>"; };
		99F971D02C411B0700DCEC51 /* CameraView.swift */ = {isa = PBXFileReference; lastKnownFileType = sourcecode.swift; path = CameraView.swift; sourceTree = "<group>"; };
		99F971D22C411CBA00DCEC51 /* ActionClassifier.mlmodel */ = {isa = PBXFileReference; lastKnownFileType = file.mlmodel; path = ActionClassifier.mlmodel; sourceTree = "<group>"; };
		99F971D42C411DA800DCEC51 /* ExpressionClassification.mlmodel */ = {isa = PBXFileReference; lastKnownFileType = file.mlmodel; path = ExpressionClassification.mlmodel; sourceTree = "<group>"; };
		A483147A2C412D6F00F3D1AB /* AVCaptureDeviceInput+CameraInput.swift */ = {isa = PBXFileReference; lastKnownFileType = sourcecode.swift; path = "AVCaptureDeviceInput+CameraInput.swift"; sourceTree = "<group>"; };
		A483147C2C412D8700F3D1AB /* AVCaptureVideoDataOutput+PixelFormat.swift */ = {isa = PBXFileReference; fileEncoding = 4; lastKnownFileType = sourcecode.swift; path = "AVCaptureVideoDataOutput+PixelFormat.swift"; sourceTree = "<group>"; };
		A483147D2C412D8700F3D1AB /* VideoCapture.swift */ = {isa = PBXFileReference; fileEncoding = 4; lastKnownFileType = sourcecode.swift; path = VideoCapture.swift; sourceTree = "<group>"; };
		A483147F2C412D8700F3D1AB /* AVCaptureDevice+FrameRate.swift */ = {isa = PBXFileReference; fileEncoding = 4; lastKnownFileType = sourcecode.swift; path = "AVCaptureDevice+FrameRate.swift"; sourceTree = "<group>"; };
		A48314842C412E1400F3D1AB /* VideoProcessingChain.swift */ = {isa = PBXFileReference; fileEncoding = 4; lastKnownFileType = sourcecode.swift; path = VideoProcessingChain.swift; sourceTree = "<group>"; };
		A48314872C412E2400F3D1AB /* Pose.swift */ = {isa = PBXFileReference; fileEncoding = 4; lastKnownFileType = sourcecode.swift; path = Pose.swift; sourceTree = "<group>"; };
		A48314882C412E2400F3D1AB /* Pose+Connection.swift */ = {isa = PBXFileReference; fileEncoding = 4; lastKnownFileType = sourcecode.swift; path = "Pose+Connection.swift"; sourceTree = "<group>"; };
		A48314892C412E2400F3D1AB /* Pose+Empty.swift */ = {isa = PBXFileReference; fileEncoding = 4; lastKnownFileType = sourcecode.swift; path = "Pose+Empty.swift"; sourceTree = "<group>"; };
		A483148A2C412E2400F3D1AB /* Pose+Landmark.swift */ = {isa = PBXFileReference; fileEncoding = 4; lastKnownFileType = sourcecode.swift; path = "Pose+Landmark.swift"; sourceTree = "<group>"; };
		A48314902C412E3100F3D1AB /* ActionPrediction.swift */ = {isa = PBXFileReference; fileEncoding = 4; lastKnownFileType = sourcecode.swift; path = ActionPrediction.swift; sourceTree = "<group>"; };
		A48314912C412E3100F3D1AB /* ExerciseClassifier.mlmodel */ = {isa = PBXFileReference; lastKnownFileType = file.mlmodel; path = ExerciseClassifier.mlmodel; sourceTree = "<group>"; };
		A48314922C412E3100F3D1AB /* Classifier+FrameRate.swift */ = {isa = PBXFileReference; fileEncoding = 4; lastKnownFileType = sourcecode.swift; path = "Classifier+FrameRate.swift"; sourceTree = "<group>"; };
		A48314932C412E3100F3D1AB /* Classifier+Label.swift */ = {isa = PBXFileReference; fileEncoding = 4; lastKnownFileType = sourcecode.swift; path = "Classifier+Label.swift"; sourceTree = "<group>"; };
		A48314942C412E3100F3D1AB /* Classifier+LabelCheck.swift */ = {isa = PBXFileReference; fileEncoding = 4; lastKnownFileType = sourcecode.swift; path = "Classifier+LabelCheck.swift"; sourceTree = "<group>"; };
		A48314952C412E3100F3D1AB /* Classifier+PredictAction.swift */ = {isa = PBXFileReference; fileEncoding = 4; lastKnownFileType = sourcecode.swift; path = "Classifier+PredictAction.swift"; sourceTree = "<group>"; };
		A48314962C412E3100F3D1AB /* Classifier+Singleton.swift */ = {isa = PBXFileReference; fileEncoding = 4; lastKnownFileType = sourcecode.swift; path = "Classifier+Singleton.swift"; sourceTree = "<group>"; };
		A48314972C412E3100F3D1AB /* GarudaClassifier.mlmodel */ = {isa = PBXFileReference; lastKnownFileType = file.mlmodel; path = GarudaClassifier.mlmodel; sourceTree = "<group>"; };
		A48314A12C4132BB00F3D1AB /* Classifier.swift */ = {isa = PBXFileReference; lastKnownFileType = sourcecode.swift; path = Classifier.swift; sourceTree = "<group>"; };
		A48314A32C4134C400F3D1AB /* PerformanceReporter.swift */ = {isa = PBXFileReference; fileEncoding = 4; lastKnownFileType = sourcecode.swift; path = PerformanceReporter.swift; sourceTree = "<group>"; };
		A48314A62C41361100F3D1AB /* VideoProcessing.swift */ = {isa = PBXFileReference; lastKnownFileType = sourcecode.swift; path = VideoProcessing.swift; sourceTree = "<group>"; };
/* End PBXFileReference section */

/* Begin PBXFrameworksBuildPhase section */
		99F971912C41126500DCEC51 /* Frameworks */ = {
			isa = PBXFrameworksBuildPhase;
			buildActionMask = 2147483647;
			files = (
			);
			runOnlyForDeploymentPostprocessing = 0;
		};
		99F971A12C41126700DCEC51 /* Frameworks */ = {
			isa = PBXFrameworksBuildPhase;
			buildActionMask = 2147483647;
			files = (
			);
			runOnlyForDeploymentPostprocessing = 0;
		};
		99F971AB2C41126700DCEC51 /* Frameworks */ = {
			isa = PBXFrameworksBuildPhase;
			buildActionMask = 2147483647;
			files = (
			);
			runOnlyForDeploymentPostprocessing = 0;
		};
/* End PBXFrameworksBuildPhase section */

/* Begin PBXGroup section */
		99F9718B2C41126500DCEC51 = {
			isa = PBXGroup;
			children = (
				99F971962C41126500DCEC51 /* VisionPlus */,
				99F971952C41126500DCEC51 /* Products */,
			);
			sourceTree = "<group>";
		};
		99F971952C41126500DCEC51 /* Products */ = {
			isa = PBXGroup;
			children = (
				99F971942C41126500DCEC51 /* VisionPlus.app */,
				99F971A42C41126700DCEC51 /* VisionPlusTests.xctest */,
				99F971AE2C41126700DCEC51 /* VisionPlusUITests.xctest */,
			);
			name = Products;
			sourceTree = "<group>";
		};
		99F971962C41126500DCEC51 /* VisionPlus */ = {
			isa = PBXGroup;
			children = (
				A48314982C412E3100F3D1AB /* Action Classifier */,
				A483148B2C412E2400F3D1AB /* Pose */,
				A48314852C412E1400F3D1AB /* Video Processing Chain */,
				A48314792C412D5000F3D1AB /* Extensions */,
				99F971CF2C411AFE00DCEC51 /* Views */,
				99F971CD2C41190F00DCEC51 /* AIModel */,
				99F971C62C41177300DCEC51 /* Controllers */,
				A48314A42C4134C400F3D1AB /* Utility */,
				99F971C12C41164100DCEC51 /* Managers */,
				99F971972C41126500DCEC51 /* VisionPlusApp.swift */,
				99F971992C41126500DCEC51 /* ContentView.swift */,
				99F9719B2C41126700DCEC51 /* Assets.xcassets */,
				99F9719D2C41126700DCEC51 /* Preview Content */,
			);
			path = VisionPlus;
			sourceTree = "<group>";
		};
		99F9719D2C41126700DCEC51 /* Preview Content */ = {
			isa = PBXGroup;
			children = (
				99F9719E2C41126700DCEC51 /* Preview Assets.xcassets */,
			);
			path = "Preview Content";
			sourceTree = "<group>";
		};
		99F971C12C41164100DCEC51 /* Managers */ = {
			isa = PBXGroup;
			children = (
				99F971C22C41165300DCEC51 /* ExpressionManager.swift */,
			);
			path = Managers;
			sourceTree = "<group>";
		};
		99F971C62C41177300DCEC51 /* Controllers */ = {
			isa = PBXGroup;
			children = (
				99F971C92C41186500DCEC51 /* VideoControllerExtension.swift */,
				99F971C72C41178500DCEC51 /* VideoController.swift */,
			);
			path = Controllers;
			sourceTree = "<group>";
		};
		99F971CD2C41190F00DCEC51 /* AIModel */ = {
			isa = PBXGroup;
			children = (
				99F971D42C411DA800DCEC51 /* ExpressionClassification.mlmodel */,
				99F971CC2C41190F00DCEC51 /* Resnet50Int8LUT.mlmodel */,
				99F971D22C411CBA00DCEC51 /* ActionClassifier.mlmodel */,
			);
			path = AIModel;
			sourceTree = "<group>";
		};
		99F971CF2C411AFE00DCEC51 /* Views */ = {
			isa = PBXGroup;
			children = (
				99F971D02C411B0700DCEC51 /* CameraView.swift */,
			);
			path = Views;
			sourceTree = "<group>";
		};
		A48314792C412D5000F3D1AB /* Extensions */ = {
			isa = PBXGroup;
			children = (
				A483147D2C412D8700F3D1AB /* VideoCapture.swift */,
				A483147F2C412D8700F3D1AB /* AVCaptureDevice+FrameRate.swift */,
				A483147C2C412D8700F3D1AB /* AVCaptureVideoDataOutput+PixelFormat.swift */,
				A483147A2C412D6F00F3D1AB /* AVCaptureDeviceInput+CameraInput.swift */,
			);
			path = Extensions;
			sourceTree = "<group>";
		};
		A48314852C412E1400F3D1AB /* Video Processing Chain */ = {
			isa = PBXGroup;
			children = (
				A48314842C412E1400F3D1AB /* VideoProcessingChain.swift */,
				A48314A62C41361100F3D1AB /* VideoProcessing.swift */,
			);
			path = "Video Processing Chain";
			sourceTree = "<group>";
		};
		A483148B2C412E2400F3D1AB /* Pose */ = {
			isa = PBXGroup;
			children = (
				A48314872C412E2400F3D1AB /* Pose.swift */,
				A48314882C412E2400F3D1AB /* Pose+Connection.swift */,
				A48314892C412E2400F3D1AB /* Pose+Empty.swift */,
				A483148A2C412E2400F3D1AB /* Pose+Landmark.swift */,
			);
			path = Pose;
			sourceTree = "<group>";
		};
		A48314982C412E3100F3D1AB /* Action Classifier */ = {
			isa = PBXGroup;
			children = (
				A48314912C412E3100F3D1AB /* ExerciseClassifier.mlmodel */,
				A48314972C412E3100F3D1AB /* GarudaClassifier.mlmodel */,
				A48314902C412E3100F3D1AB /* ActionPrediction.swift */,
				A48314922C412E3100F3D1AB /* Classifier+FrameRate.swift */,
				A48314932C412E3100F3D1AB /* Classifier+Label.swift */,
				A48314942C412E3100F3D1AB /* Classifier+LabelCheck.swift */,
				A48314952C412E3100F3D1AB /* Classifier+PredictAction.swift */,
				A48314962C412E3100F3D1AB /* Classifier+Singleton.swift */,
				A48314A12C4132BB00F3D1AB /* Classifier.swift */,
			);
			path = "Action Classifier";
			sourceTree = "<group>";
		};
		A48314A42C4134C400F3D1AB /* Utility */ = {
			isa = PBXGroup;
			children = (
				A48314A32C4134C400F3D1AB /* PerformanceReporter.swift */,
			);
			path = Utility;
			sourceTree = "<group>";
		};
/* End PBXGroup section */

/* Begin PBXNativeTarget section */
		99F971932C41126500DCEC51 /* VisionPlus */ = {
			isa = PBXNativeTarget;
			buildConfigurationList = 99F971B82C41126700DCEC51 /* Build configuration list for PBXNativeTarget "VisionPlus" */;
			buildPhases = (
				99F971902C41126500DCEC51 /* Sources */,
				99F971912C41126500DCEC51 /* Frameworks */,
				99F971922C41126500DCEC51 /* Resources */,
			);
			buildRules = (
			);
			dependencies = (
			);
			name = VisionPlus;
			productName = VisionPlus;
			productReference = 99F971942C41126500DCEC51 /* VisionPlus.app */;
			productType = "com.apple.product-type.application";
		};
		99F971A32C41126700DCEC51 /* VisionPlusTests */ = {
			isa = PBXNativeTarget;
			buildConfigurationList = 99F971BB2C41126700DCEC51 /* Build configuration list for PBXNativeTarget "VisionPlusTests" */;
			buildPhases = (
				99F971A02C41126700DCEC51 /* Sources */,
				99F971A12C41126700DCEC51 /* Frameworks */,
				99F971A22C41126700DCEC51 /* Resources */,
			);
			buildRules = (
			);
			dependencies = (
				99F971A62C41126700DCEC51 /* PBXTargetDependency */,
			);
			name = VisionPlusTests;
			productName = VisionPlusTests;
			productReference = 99F971A42C41126700DCEC51 /* VisionPlusTests.xctest */;
			productType = "com.apple.product-type.bundle.unit-test";
		};
		99F971AD2C41126700DCEC51 /* VisionPlusUITests */ = {
			isa = PBXNativeTarget;
			buildConfigurationList = 99F971BE2C41126700DCEC51 /* Build configuration list for PBXNativeTarget "VisionPlusUITests" */;
			buildPhases = (
				99F971AA2C41126700DCEC51 /* Sources */,
				99F971AB2C41126700DCEC51 /* Frameworks */,
				99F971AC2C41126700DCEC51 /* Resources */,
			);
			buildRules = (
			);
			dependencies = (
				99F971B02C41126700DCEC51 /* PBXTargetDependency */,
			);
			name = VisionPlusUITests;
			productName = VisionPlusUITests;
			productReference = 99F971AE2C41126700DCEC51 /* VisionPlusUITests.xctest */;
			productType = "com.apple.product-type.bundle.ui-testing";
		};
/* End PBXNativeTarget section */

/* Begin PBXProject section */
		99F9718C2C41126500DCEC51 /* Project object */ = {
			isa = PBXProject;
			attributes = {
				BuildIndependentTargetsInParallel = 1;
				LastSwiftUpdateCheck = 1600;
				LastUpgradeCheck = 1600;
				TargetAttributes = {
					99F971932C41126500DCEC51 = {
						CreatedOnToolsVersion = 16.0;
					};
					99F971A32C41126700DCEC51 = {
						CreatedOnToolsVersion = 16.0;
						TestTargetID = 99F971932C41126500DCEC51;
					};
					99F971AD2C41126700DCEC51 = {
						CreatedOnToolsVersion = 16.0;
						TestTargetID = 99F971932C41126500DCEC51;
					};
				};
			};
			buildConfigurationList = 99F9718F2C41126500DCEC51 /* Build configuration list for PBXProject "VisionPlus" */;
			compatibilityVersion = "Xcode 15.0";
			developmentRegion = en;
			hasScannedForEncodings = 0;
			knownRegions = (
				en,
				Base,
			);
			mainGroup = 99F9718B2C41126500DCEC51;
			productRefGroup = 99F971952C41126500DCEC51 /* Products */;
			projectDirPath = "";
			projectRoot = "";
			targets = (
				99F971932C41126500DCEC51 /* VisionPlus */,
				99F971A32C41126700DCEC51 /* VisionPlusTests */,
				99F971AD2C41126700DCEC51 /* VisionPlusUITests */,
			);
		};
/* End PBXProject section */

/* Begin PBXResourcesBuildPhase section */
		99F971922C41126500DCEC51 /* Resources */ = {
			isa = PBXResourcesBuildPhase;
			buildActionMask = 2147483647;
			files = (
				99F9719F2C41126700DCEC51 /* Preview Assets.xcassets in Resources */,
				99F9719C2C41126700DCEC51 /* Assets.xcassets in Resources */,
			);
			runOnlyForDeploymentPostprocessing = 0;
		};
		99F971A22C41126700DCEC51 /* Resources */ = {
			isa = PBXResourcesBuildPhase;
			buildActionMask = 2147483647;
			files = (
			);
			runOnlyForDeploymentPostprocessing = 0;
		};
		99F971AC2C41126700DCEC51 /* Resources */ = {
			isa = PBXResourcesBuildPhase;
			buildActionMask = 2147483647;
			files = (
			);
			runOnlyForDeploymentPostprocessing = 0;
		};
/* End PBXResourcesBuildPhase section */

/* Begin PBXSourcesBuildPhase section */
		99F971902C41126500DCEC51 /* Sources */ = {
			isa = PBXSourcesBuildPhase;
			buildActionMask = 2147483647;
			files = (
				99F9719A2C41126500DCEC51 /* ContentView.swift in Sources */,
				A48314A22C4132BB00F3D1AB /* Classifier.swift in Sources */,
				A483149A2C412E3100F3D1AB /* ExerciseClassifier.mlmodel in Sources */,
				99F971D12C411B0F00DCEC51 /* CameraView.swift in Sources */,
				99F971982C41126500DCEC51 /* VisionPlusApp.swift in Sources */,
				99F971D52C411DA800DCEC51 /* ExpressionClassification.mlmodel in Sources */,
				A483149D2C412E3100F3D1AB /* Classifier+LabelCheck.swift in Sources */,
				A483148D2C412E2400F3D1AB /* Pose+Connection.swift in Sources */,
				A48314812C412D8700F3D1AB /* VideoCapture.swift in Sources */,
				A48314A72C41361100F3D1AB /* VideoProcessing.swift in Sources */,
				A483149E2C412E3100F3D1AB /* Classifier+PredictAction.swift in Sources */,
				A483149B2C412E3100F3D1AB /* Classifier+FrameRate.swift in Sources */,
				99F971C32C41165900DCEC51 /* ExpressionManager.swift in Sources */,
				99F971C82C41181E00DCEC51 /* VideoController.swift in Sources */,
				A48314A52C4134C400F3D1AB /* PerformanceReporter.swift in Sources */,
				99F971CA2C41187800DCEC51 /* VideoControllerExtension.swift in Sources */,
				A48314992C412E3100F3D1AB /* ActionPrediction.swift in Sources */,
				A483148C2C412E2400F3D1AB /* Pose.swift in Sources */,
				A483149F2C412E3100F3D1AB /* Classifier+Singleton.swift in Sources */,
				A48314A02C412E3100F3D1AB /* GarudaClassifier.mlmodel in Sources */,
				A48314802C412D8700F3D1AB /* AVCaptureVideoDataOutput+PixelFormat.swift in Sources */,
				A483148E2C412E2400F3D1AB /* Pose+Empty.swift in Sources */,
				A483149C2C412E3100F3D1AB /* Classifier+Label.swift in Sources */,
				99F971D32C411CBA00DCEC51 /* ActionClassifier.mlmodel in Sources */,
				A48314862C412E1400F3D1AB /* VideoProcessingChain.swift in Sources */,
				99F971CE2C41190F00DCEC51 /* Resnet50Int8LUT.mlmodel in Sources */,
				A483147B2C412D6F00F3D1AB /* AVCaptureDeviceInput+CameraInput.swift in Sources */,
				A483148F2C412E2400F3D1AB /* Pose+Landmark.swift in Sources */,
				A48314832C412D8700F3D1AB /* AVCaptureDevice+FrameRate.swift in Sources */,
			);
			runOnlyForDeploymentPostprocessing = 0;
		};
		99F971A02C41126700DCEC51 /* Sources */ = {
			isa = PBXSourcesBuildPhase;
			buildActionMask = 2147483647;
			files = (
			);
			runOnlyForDeploymentPostprocessing = 0;
		};
		99F971AA2C41126700DCEC51 /* Sources */ = {
			isa = PBXSourcesBuildPhase;
			buildActionMask = 2147483647;
			files = (
			);
			runOnlyForDeploymentPostprocessing = 0;
		};
/* End PBXSourcesBuildPhase section */

/* Begin PBXTargetDependency section */
		99F971A62C41126700DCEC51 /* PBXTargetDependency */ = {
			isa = PBXTargetDependency;
			target = 99F971932C41126500DCEC51 /* VisionPlus */;
			targetProxy = 99F971A52C41126700DCEC51 /* PBXContainerItemProxy */;
		};
		99F971B02C41126700DCEC51 /* PBXTargetDependency */ = {
			isa = PBXTargetDependency;
			target = 99F971932C41126500DCEC51 /* VisionPlus */;
			targetProxy = 99F971AF2C41126700DCEC51 /* PBXContainerItemProxy */;
		};
/* End PBXTargetDependency section */

/* Begin XCBuildConfiguration section */
		99F971B62C41126700DCEC51 /* Debug */ = {
			isa = XCBuildConfiguration;
			buildSettings = {
				ALWAYS_SEARCH_USER_PATHS = NO;
				ASSETCATALOG_COMPILER_GENERATE_SWIFT_ASSET_SYMBOL_EXTENSIONS = YES;
				CLANG_ANALYZER_NONNULL = YES;
				CLANG_ANALYZER_NUMBER_OBJECT_CONVERSION = YES_AGGRESSIVE;
				CLANG_CXX_LANGUAGE_STANDARD = "gnu++20";
				CLANG_ENABLE_MODULES = YES;
				CLANG_ENABLE_OBJC_ARC = YES;
				CLANG_ENABLE_OBJC_WEAK = YES;
				CLANG_WARN_BLOCK_CAPTURE_AUTORELEASING = YES;
				CLANG_WARN_BOOL_CONVERSION = YES;
				CLANG_WARN_COMMA = YES;
				CLANG_WARN_CONSTANT_CONVERSION = YES;
				CLANG_WARN_DEPRECATED_OBJC_IMPLEMENTATIONS = YES;
				CLANG_WARN_DIRECT_OBJC_ISA_USAGE = YES_ERROR;
				CLANG_WARN_DOCUMENTATION_COMMENTS = YES;
				CLANG_WARN_EMPTY_BODY = YES;
				CLANG_WARN_ENUM_CONVERSION = YES;
				CLANG_WARN_INFINITE_RECURSION = YES;
				CLANG_WARN_INT_CONVERSION = YES;
				CLANG_WARN_NON_LITERAL_NULL_CONVERSION = YES;
				CLANG_WARN_OBJC_IMPLICIT_RETAIN_SELF = YES;
				CLANG_WARN_OBJC_LITERAL_CONVERSION = YES;
				CLANG_WARN_OBJC_ROOT_CLASS = YES_ERROR;
				CLANG_WARN_QUOTED_INCLUDE_IN_FRAMEWORK_HEADER = YES;
				CLANG_WARN_RANGE_LOOP_ANALYSIS = YES;
				CLANG_WARN_STRICT_PROTOTYPES = YES;
				CLANG_WARN_SUSPICIOUS_MOVE = YES;
				CLANG_WARN_UNGUARDED_AVAILABILITY = YES_AGGRESSIVE;
				CLANG_WARN_UNREACHABLE_CODE = YES;
				CLANG_WARN__DUPLICATE_METHOD_MATCH = YES;
				COPY_PHASE_STRIP = NO;
				DEBUG_INFORMATION_FORMAT = dwarf;
				ENABLE_STRICT_OBJC_MSGSEND = YES;
				ENABLE_TESTABILITY = YES;
				ENABLE_USER_SCRIPT_SANDBOXING = YES;
				GCC_C_LANGUAGE_STANDARD = gnu17;
				GCC_DYNAMIC_NO_PIC = NO;
				GCC_NO_COMMON_BLOCKS = YES;
				GCC_OPTIMIZATION_LEVEL = 0;
				GCC_PREPROCESSOR_DEFINITIONS = (
					"DEBUG=1",
					"$(inherited)",
				);
				GCC_WARN_64_TO_32_BIT_CONVERSION = YES;
				GCC_WARN_ABOUT_RETURN_TYPE = YES_ERROR;
				GCC_WARN_UNDECLARED_SELECTOR = YES;
				GCC_WARN_UNINITIALIZED_AUTOS = YES_AGGRESSIVE;
				GCC_WARN_UNUSED_FUNCTION = YES;
				GCC_WARN_UNUSED_VARIABLE = YES;
				IPHONEOS_DEPLOYMENT_TARGET = 18.0;
				LOCALIZATION_PREFERS_STRING_CATALOGS = YES;
				MTL_ENABLE_DEBUG_INFO = INCLUDE_SOURCE;
				MTL_FAST_MATH = YES;
				ONLY_ACTIVE_ARCH = YES;
				SDKROOT = iphoneos;
				SWIFT_ACTIVE_COMPILATION_CONDITIONS = "DEBUG $(inherited)";
				SWIFT_OPTIMIZATION_LEVEL = "-Onone";
			};
			name = Debug;
		};
		99F971B72C41126700DCEC51 /* Release */ = {
			isa = XCBuildConfiguration;
			buildSettings = {
				ALWAYS_SEARCH_USER_PATHS = NO;
				ASSETCATALOG_COMPILER_GENERATE_SWIFT_ASSET_SYMBOL_EXTENSIONS = YES;
				CLANG_ANALYZER_NONNULL = YES;
				CLANG_ANALYZER_NUMBER_OBJECT_CONVERSION = YES_AGGRESSIVE;
				CLANG_CXX_LANGUAGE_STANDARD = "gnu++20";
				CLANG_ENABLE_MODULES = YES;
				CLANG_ENABLE_OBJC_ARC = YES;
				CLANG_ENABLE_OBJC_WEAK = YES;
				CLANG_WARN_BLOCK_CAPTURE_AUTORELEASING = YES;
				CLANG_WARN_BOOL_CONVERSION = YES;
				CLANG_WARN_COMMA = YES;
				CLANG_WARN_CONSTANT_CONVERSION = YES;
				CLANG_WARN_DEPRECATED_OBJC_IMPLEMENTATIONS = YES;
				CLANG_WARN_DIRECT_OBJC_ISA_USAGE = YES_ERROR;
				CLANG_WARN_DOCUMENTATION_COMMENTS = YES;
				CLANG_WARN_EMPTY_BODY = YES;
				CLANG_WARN_ENUM_CONVERSION = YES;
				CLANG_WARN_INFINITE_RECURSION = YES;
				CLANG_WARN_INT_CONVERSION = YES;
				CLANG_WARN_NON_LITERAL_NULL_CONVERSION = YES;
				CLANG_WARN_OBJC_IMPLICIT_RETAIN_SELF = YES;
				CLANG_WARN_OBJC_LITERAL_CONVERSION = YES;
				CLANG_WARN_OBJC_ROOT_CLASS = YES_ERROR;
				CLANG_WARN_QUOTED_INCLUDE_IN_FRAMEWORK_HEADER = YES;
				CLANG_WARN_RANGE_LOOP_ANALYSIS = YES;
				CLANG_WARN_STRICT_PROTOTYPES = YES;
				CLANG_WARN_SUSPICIOUS_MOVE = YES;
				CLANG_WARN_UNGUARDED_AVAILABILITY = YES_AGGRESSIVE;
				CLANG_WARN_UNREACHABLE_CODE = YES;
				CLANG_WARN__DUPLICATE_METHOD_MATCH = YES;
				COPY_PHASE_STRIP = NO;
				DEBUG_INFORMATION_FORMAT = "dwarf-with-dsym";
				ENABLE_NS_ASSERTIONS = NO;
				ENABLE_STRICT_OBJC_MSGSEND = YES;
				ENABLE_USER_SCRIPT_SANDBOXING = YES;
				GCC_C_LANGUAGE_STANDARD = gnu17;
				GCC_NO_COMMON_BLOCKS = YES;
				GCC_WARN_64_TO_32_BIT_CONVERSION = YES;
				GCC_WARN_ABOUT_RETURN_TYPE = YES_ERROR;
				GCC_WARN_UNDECLARED_SELECTOR = YES;
				GCC_WARN_UNINITIALIZED_AUTOS = YES_AGGRESSIVE;
				GCC_WARN_UNUSED_FUNCTION = YES;
				GCC_WARN_UNUSED_VARIABLE = YES;
				IPHONEOS_DEPLOYMENT_TARGET = 18.0;
				LOCALIZATION_PREFERS_STRING_CATALOGS = YES;
				MTL_ENABLE_DEBUG_INFO = NO;
				MTL_FAST_MATH = YES;
				SDKROOT = iphoneos;
				SWIFT_COMPILATION_MODE = wholemodule;
				VALIDATE_PRODUCT = YES;
			};
			name = Release;
		};
		99F971B92C41126700DCEC51 /* Debug */ = {
			isa = XCBuildConfiguration;
			buildSettings = {
				ASSETCATALOG_COMPILER_APPICON_NAME = AppIcon;
				ASSETCATALOG_COMPILER_GLOBAL_ACCENT_COLOR_NAME = AccentColor;
				CODE_SIGN_STYLE = Automatic;
				CURRENT_PROJECT_VERSION = 1;
				DEVELOPMENT_ASSET_PATHS = "\"VisionPlus/Preview Content\"";
				DEVELOPMENT_TEAM = YTWBVW7W5F;
				ENABLE_PREVIEWS = YES;
				GENERATE_INFOPLIST_FILE = YES;
				INFOPLIST_KEY_NSCameraUsageDescription = "";
				INFOPLIST_KEY_UIApplicationSceneManifest_Generation = YES;
				INFOPLIST_KEY_UIApplicationSupportsIndirectInputEvents = YES;
				INFOPLIST_KEY_UILaunchScreen_Generation = YES;
				INFOPLIST_KEY_UISupportedInterfaceOrientations = UIInterfaceOrientationPortrait;
				INFOPLIST_KEY_UISupportedInterfaceOrientations_iPad = "UIInterfaceOrientationLandscapeLeft UIInterfaceOrientationLandscapeRight UIInterfaceOrientationPortrait UIInterfaceOrientationPortraitUpsideDown";
				IPHONEOS_DEPLOYMENT_TARGET = 17.5;
				LD_RUNPATH_SEARCH_PATHS = (
					"$(inherited)",
					"@executable_path/Frameworks",
				);
				MARKETING_VERSION = 1.0;
				PRODUCT_BUNDLE_IDENTIFIER = com.skibidiPenguin.VisionPlus;
				PRODUCT_NAME = "$(TARGET_NAME)";
				SWIFT_EMIT_LOC_STRINGS = YES;
				SWIFT_VERSION = 5.0;
				TARGETED_DEVICE_FAMILY = "1,2";
			};
			name = Debug;
		};
		99F971BA2C41126700DCEC51 /* Release */ = {
			isa = XCBuildConfiguration;
			buildSettings = {
				ASSETCATALOG_COMPILER_APPICON_NAME = AppIcon;
				ASSETCATALOG_COMPILER_GLOBAL_ACCENT_COLOR_NAME = AccentColor;
				CODE_SIGN_STYLE = Automatic;
				CURRENT_PROJECT_VERSION = 1;
				DEVELOPMENT_ASSET_PATHS = "\"VisionPlus/Preview Content\"";
				DEVELOPMENT_TEAM = YTWBVW7W5F;
				ENABLE_PREVIEWS = YES;
				GENERATE_INFOPLIST_FILE = YES;
				INFOPLIST_KEY_NSCameraUsageDescription = "";
				INFOPLIST_KEY_UIApplicationSceneManifest_Generation = YES;
				INFOPLIST_KEY_UIApplicationSupportsIndirectInputEvents = YES;
				INFOPLIST_KEY_UILaunchScreen_Generation = YES;
				INFOPLIST_KEY_UISupportedInterfaceOrientations = UIInterfaceOrientationPortrait;
				INFOPLIST_KEY_UISupportedInterfaceOrientations_iPad = "UIInterfaceOrientationLandscapeLeft UIInterfaceOrientationLandscapeRight UIInterfaceOrientationPortrait UIInterfaceOrientationPortraitUpsideDown";
				IPHONEOS_DEPLOYMENT_TARGET = 17.5;
				LD_RUNPATH_SEARCH_PATHS = (
					"$(inherited)",
					"@executable_path/Frameworks",
				);
				MARKETING_VERSION = 1.0;
				PRODUCT_BUNDLE_IDENTIFIER = com.skibidiPenguin.VisionPlus;
				PRODUCT_NAME = "$(TARGET_NAME)";
				SWIFT_EMIT_LOC_STRINGS = YES;
				SWIFT_VERSION = 5.0;
				TARGETED_DEVICE_FAMILY = "1,2";
			};
			name = Release;
		};
		99F971BC2C41126700DCEC51 /* Debug */ = {
			isa = XCBuildConfiguration;
			buildSettings = {
				BUNDLE_LOADER = "$(TEST_HOST)";
				CODE_SIGN_STYLE = Automatic;
				CURRENT_PROJECT_VERSION = 1;
				DEVELOPMENT_TEAM = 5V847CY3JM;
				GENERATE_INFOPLIST_FILE = YES;
				IPHONEOS_DEPLOYMENT_TARGET = 18.0;
				MARKETING_VERSION = 1.0;
				PRODUCT_BUNDLE_IDENTIFIER = com.skibidiPenguin.VisionPlusTests;
				PRODUCT_NAME = "$(TARGET_NAME)";
				SWIFT_EMIT_LOC_STRINGS = NO;
				SWIFT_VERSION = 5.0;
				TARGETED_DEVICE_FAMILY = "1,2";
				TEST_HOST = "$(BUILT_PRODUCTS_DIR)/VisionPlus.app/$(BUNDLE_EXECUTABLE_FOLDER_PATH)/VisionPlus";
			};
			name = Debug;
		};
		99F971BD2C41126700DCEC51 /* Release */ = {
			isa = XCBuildConfiguration;
			buildSettings = {
				BUNDLE_LOADER = "$(TEST_HOST)";
				CODE_SIGN_STYLE = Automatic;
				CURRENT_PROJECT_VERSION = 1;
				DEVELOPMENT_TEAM = 5V847CY3JM;
				GENERATE_INFOPLIST_FILE = YES;
				IPHONEOS_DEPLOYMENT_TARGET = 18.0;
				MARKETING_VERSION = 1.0;
				PRODUCT_BUNDLE_IDENTIFIER = com.skibidiPenguin.VisionPlusTests;
				PRODUCT_NAME = "$(TARGET_NAME)";
				SWIFT_EMIT_LOC_STRINGS = NO;
				SWIFT_VERSION = 5.0;
				TARGETED_DEVICE_FAMILY = "1,2";
				TEST_HOST = "$(BUILT_PRODUCTS_DIR)/VisionPlus.app/$(BUNDLE_EXECUTABLE_FOLDER_PATH)/VisionPlus";
			};
			name = Release;
		};
		99F971BF2C41126700DCEC51 /* Debug */ = {
			isa = XCBuildConfiguration;
			buildSettings = {
				CODE_SIGN_STYLE = Automatic;
				CURRENT_PROJECT_VERSION = 1;
				DEVELOPMENT_TEAM = 5V847CY3JM;
				GENERATE_INFOPLIST_FILE = YES;
				MARKETING_VERSION = 1.0;
				PRODUCT_BUNDLE_IDENTIFIER = com.skibidiPenguin.VisionPlusUITests;
				PRODUCT_NAME = "$(TARGET_NAME)";
				SWIFT_EMIT_LOC_STRINGS = NO;
				SWIFT_VERSION = 5.0;
				TARGETED_DEVICE_FAMILY = "1,2";
				TEST_TARGET_NAME = VisionPlus;
			};
			name = Debug;
		};
		99F971C02C41126700DCEC51 /* Release */ = {
			isa = XCBuildConfiguration;
			buildSettings = {
				CODE_SIGN_STYLE = Automatic;
				CURRENT_PROJECT_VERSION = 1;
				DEVELOPMENT_TEAM = 5V847CY3JM;
				GENERATE_INFOPLIST_FILE = YES;
				MARKETING_VERSION = 1.0;
				PRODUCT_BUNDLE_IDENTIFIER = com.skibidiPenguin.VisionPlusUITests;
				PRODUCT_NAME = "$(TARGET_NAME)";
				SWIFT_EMIT_LOC_STRINGS = NO;
				SWIFT_VERSION = 5.0;
				TARGETED_DEVICE_FAMILY = "1,2";
				TEST_TARGET_NAME = VisionPlus;
			};
			name = Release;
		};
/* End XCBuildConfiguration section */

/* Begin XCConfigurationList section */
		99F9718F2C41126500DCEC51 /* Build configuration list for PBXProject "VisionPlus" */ = {
			isa = XCConfigurationList;
			buildConfigurations = (
				99F971B62C41126700DCEC51 /* Debug */,
				99F971B72C41126700DCEC51 /* Release */,
			);
			defaultConfigurationIsVisible = 0;
			defaultConfigurationName = Release;
		};
		99F971B82C41126700DCEC51 /* Build configuration list for PBXNativeTarget "VisionPlus" */ = {
			isa = XCConfigurationList;
			buildConfigurations = (
				99F971B92C41126700DCEC51 /* Debug */,
				99F971BA2C41126700DCEC51 /* Release */,
			);
			defaultConfigurationIsVisible = 0;
			defaultConfigurationName = Release;
		};
		99F971BB2C41126700DCEC51 /* Build configuration list for PBXNativeTarget "VisionPlusTests" */ = {
			isa = XCConfigurationList;
			buildConfigurations = (
				99F971BC2C41126700DCEC51 /* Debug */,
				99F971BD2C41126700DCEC51 /* Release */,
			);
			defaultConfigurationIsVisible = 0;
			defaultConfigurationName = Release;
		};
		99F971BE2C41126700DCEC51 /* Build configuration list for PBXNativeTarget "VisionPlusUITests" */ = {
			isa = XCConfigurationList;
			buildConfigurations = (
				99F971BF2C41126700DCEC51 /* Debug */,
				99F971C02C41126700DCEC51 /* Release */,
			);
			defaultConfigurationIsVisible = 0;
			defaultConfigurationName = Release;
		};
/* End XCConfigurationList section */
	};
	rootObject = 99F9718C2C41126500DCEC51 /* Project object */;
}
